
Microsoft Visual Studio Solution File, Format Version 12.00
# Visual Studio Version 16
VisualStudioVersion = 16.0.30804.86
MinimumVisualStudioVersion = 10.0.40219.1
Project("{FAE04EC0-301F-11D3-BF4B-00C04F79EFBC}") = "CSC_Assignment1_Task6", "CSC_Assignment1_Task6\CSC_Assignment1_Task6.csproj", "{EE539548-9B89-4D10-B66C-B43843A8236B}"
EndProject
Global
	GlobalSection(SolutionConfigurationPlatforms) = preSolution
		Debug|Any CPU = Debug|Any CPU
		Release|Any CPU = Release|Any CPU
	EndGlobalSection
	GlobalSection(ProjectConfigurationPlatforms) = postSolution
		{EE539548-9B89-4D10-B66C-B43843A8236B}.Debug|Any CPU.ActiveCfg = Debug|Any CPU
		{EE539548-9B89-4D10-B66C-B43843A8236B}.Debug|Any CPU.Build.0 = Debug|Any CPU
		{EE539548-9B89-4D10-B66C-B43843A8236B}.Release|Any CPU.ActiveCfg = Release|Any CPU
		{EE539548-9B89-4D10-B66C-B43843A8236B}.Release|Any CPU.Build.0 = Release|Any CPU
	EndGlobalSection
	GlobalSection(SolutionProperties) = preSolution
		HideSolutionNode = FALSE
	EndGlobalSection
	GlobalSection(ExtensibilityGlobals) = postSolution
		SolutionGuid = {44E22F0E-198E-47E6-B62B-04F71E80245C}
	EndGlobalSection
EndGlobal
