
Microsoft Visual Studio Solution File, Format Version 12.00
# Visual Studio Version 16
VisualStudioVersion = 16.0.30804.86
MinimumVisualStudioVersion = 10.0.40219.1
Project("{FAE04EC0-301F-11D3-BF4B-00C04F79EFBC}") = "Task 2", "Task 2\Task 2.csproj", "{B5939CB4-F6FD-4D8A-B4EE-6AA7C4BE2046}"
EndProject
Global
	GlobalSection(SolutionConfigurationPlatforms) = preSolution
		Debug|Any CPU = Debug|Any CPU
		Release|Any CPU = Release|Any CPU
	EndGlobalSection
	GlobalSection(ProjectConfigurationPlatforms) = postSolution
		{B5939CB4-F6FD-4D8A-B4EE-6AA7C4BE2046}.Debug|Any CPU.ActiveCfg = Debug|Any CPU
		{B5939CB4-F6FD-4D8A-B4EE-6AA7C4BE2046}.Debug|Any CPU.Build.0 = Debug|Any CPU
		{B5939CB4-F6FD-4D8A-B4EE-6AA7C4BE2046}.Release|Any CPU.ActiveCfg = Release|Any CPU
		{B5939CB4-F6FD-4D8A-B4EE-6AA7C4BE2046}.Release|Any CPU.Build.0 = Release|Any CPU
	EndGlobalSection
	GlobalSection(SolutionProperties) = preSolution
		HideSolutionNode = FALSE
	EndGlobalSection
	GlobalSection(ExtensibilityGlobals) = postSolution
		SolutionGuid = {A315EE1B-DA62-489D-AA93-7DD00FDB99A7}
	EndGlobalSection
EndGlobal
